// !$*UTF8*$!
{
	archiveVersion = 1;
	classes = {
	};
	objectVersion = 77;
	objects = {

/* Begin PBXBuildFile section */
		1E002D042E1363A800FAB932 /* MotivationManager.swift in Sources */ = {isa = PBXBuildFile; fileRef = 1E002D032E1363A800FAB932 /* MotivationManager.swift */; };
		1E0B2F2B2E0CE67F00CF25EE /* MilestoneProgressView.swift in Sources */ = {isa = PBXBuildFile; fileRef = 1E0B2F2A2E0CE67F00CF25EE /* MilestoneProgressView.swift */; };
		1E0B2F2D2E0CED5C00CF25EE /* AppSettingsViewModel.swift in Sources */ = {isa = PBXBuildFile; fileRef = 1E0B2F2C2E0CED5C00CF25EE /* AppSettingsViewModel.swift */; };
		1E4F589A2E0D9117000EB7B9 /* MetricCardView.swift in Sources */ = {isa = PBXBuildFile; fileRef = 1E4F58992E0D9117000EB7B9 /* MetricCardView.swift */; };
		1E4F589C2E0DA834000EB7B9 /* ActiveStreakView.swift in Sources */ = {isa = PBXBuildFile; fileRef = 1E4F589B2E0DA834000EB7B9 /* ActiveStreakView.swift */; };
		1E4F58AE2E0DB05C000EB7B9 /* StreakActionButtonView.swift in Sources */ = {isa = PBXBuildFile; fileRef = 1E4F58AD2E0DB05C000EB7B9 /* StreakActionButtonView.swift */; };
		1E4F58AF2E0DB05C000EB7B9 /* HistorySectionView.swift in Sources */ = {isa = PBXBuildFile; fileRef = 1E4F58A92E0DB05C000EB7B9 /* HistorySectionView.swift */; };
		1E4F58B02E0DB05C000EB7B9 /* ProgressSectionView.swift in Sources */ = {isa = PBXBuildFile; fileRef = 1E4F58AB2E0DB05C000EB7B9 /* ProgressSectionView.swift */; };
		1E4F58B12E0DB05C000EB7B9 /* SectionHeaderView.swift in Sources */ = {isa = PBXBuildFile; fileRef = 1E4F58AC2E0DB05C000EB7B9 /* SectionHeaderView.swift */; };
		1E4F58B22E0DB05C000EB7B9 /* MetricRowView.swift in Sources */ = {isa = PBXBuildFile; fileRef = 1E4F58AA2E0DB05C000EB7B9 /* MetricRowView.swift */; };
		1E4F58B42E0DB898000EB7B9 /* MainTabView.swift in Sources */ = {isa = PBXBuildFile; fileRef = 1E4F58B32E0DB898000EB7B9 /* MainTabView.swift */; };
		1E4F58B62E0DC181000EB7B9 /* TabBarButton.swift in Sources */ = {isa = PBXBuildFile; fileRef = 1E4F58B52E0DC181000EB7B9 /* TabBarButton.swift */; };
		1E4F58B82E0DF374000EB7B9 /* AboutView.swift in Sources */ = {isa = PBXBuildFile; fileRef = 1E4F58B72E0DF374000EB7B9 /* AboutView.swift */; };
		1E4F58D02E0E17C2000EB7B9 /* StartDatePickerView.swift in Sources */ = {isa = PBXBuildFile; fileRef = 1E4F58CF2E0E17C2000EB7B9 /* StartDatePickerView.swift */; };
		1E4F58D42E0E22BB000EB7B9 /* ProgressSectionView.swift in Sources */ = {isa = PBXBuildFile; fileRef = 1E4F58D32E0E22BB000EB7B9 /* ProgressSectionView.swift */; };
		1E4F58FE2E0E30B3000EB7B9 /* DataNerdModeView.swift in Sources */ = {isa = PBXBuildFile; fileRef = 1E4F58FD2E0E30B3000EB7B9 /* DataNerdModeView.swift */; };
		1E4F59002E0F1AC9000EB7B9 /* IntroView.swift in Sources */ = {isa = PBXBuildFile; fileRef = 1E4F58FF2E0F1AC9000EB7B9 /* IntroView.swift */; };
		1E4F59022E0F1C40000EB7B9 /* PreviewHelpers.swift in Sources */ = {isa = PBXBuildFile; fileRef = 1E4F59012E0F1C40000EB7B9 /* PreviewHelpers.swift */; };
		1E4F59042E0F38F3000EB7B9 /* TipJarView.swift in Sources */ = {isa = PBXBuildFile; fileRef = 1E4F59032E0F38F3000EB7B9 /* TipJarView.swift */; };
		1E4F59062E0F812B000EB7B9 /* TipStore.swift in Sources */ = {isa = PBXBuildFile; fileRef = 1E4F59052E0F812B000EB7B9 /* TipStore.swift */; };
		1E7A936D2E1446ED00C38E0F /* MotivationalPopupView.swift in Sources */ = {isa = PBXBuildFile; fileRef = 1E7A936C2E1446ED00C38E0F /* MotivationalPopupView.swift */; };
		1E7A93712E14AF4400C38E0F /* RatingManager.swift in Sources */ = {isa = PBXBuildFile; fileRef = 1E7A93702E14AF4400C38E0F /* RatingManager.swift */; };
		1E7A93732E15872F00C38E0F /* MilestoneCelebrationView.swift in Sources */ = {isa = PBXBuildFile; fileRef = 1E7A93722E15872F00C38E0F /* MilestoneCelebrationView.swift */; };
		1EAA16102E0F93D000B904B8 /* StoreKit.framework in Frameworks */ = {isa = PBXBuildFile; fileRef = 1EAA160F2E0F93D000B904B8 /* StoreKit.framework */; };
		1EAA16122E0F956A00B904B8 /* TipJarStoreKit.storekit in Resources */ = {isa = PBXBuildFile; fileRef = 1EAA16112E0F956A00B904B8 /* TipJarStoreKit.storekit */; };
		1EAA16142E109B6A00B904B8 /* SettingsButtonStyle.swift in Sources */ = {isa = PBXBuildFile; fileRef = 1EAA16132E109B6A00B904B8 /* SettingsButtonStyle.swift */; };
		1EAA16162E10A8B000B904B8 /* SessionTracker.swift in Sources */ = {isa = PBXBuildFile; fileRef = 1EAA16152E10A8B000B904B8 /* SessionTracker.swift */; };
		1ED34BC82E0C5A5F007C9143 /* ContentView.swift in Sources */ = {isa = PBXBuildFile; fileRef = 1ED34BC72E0C5A5F007C9143 /* ContentView.swift */; };
		1ED34BF32E0C7FA4007C9143 /* DayCounterViewModel.swift in Sources */ = {isa = PBXBuildFile; fileRef = 1ED34BF22E0C7FA4007C9143 /* DayCounterViewModel.swift */; };
		1ED34BF52E0C802C007C9143 /* SobrietyData.swift in Sources */ = {isa = PBXBuildFile; fileRef = 1ED34BF42E0C802C007C9143 /* SobrietyData.swift */; };
		1ED34BF72E0CA05D007C9143 /* DateProvider.swift in Sources */ = {isa = PBXBuildFile; fileRef = 1ED34BF62E0CA05D007C9143 /* DateProvider.swift */; };
		1ED34BF92E0CA1BE007C9143 /* DebugPanelView.swift in Sources */ = {isa = PBXBuildFile; fileRef = 1ED34BF82E0CA1BE007C9143 /* DebugPanelView.swift */; };
		1ED34BFB2E0CAACC007C9143 /* SettingsView.swift in Sources */ = {isa = PBXBuildFile; fileRef = 1ED34BFA2E0CAACC007C9143 /* SettingsView.swift */; };
		1ED34BFD2E0CAFD7007C9143 /* MetricsView.swift in Sources */ = {isa = PBXBuildFile; fileRef = 1ED34BFC2E0CAFD7007C9143 /* MetricsView.swift */; };
		1ED34C002E0CB9B0007C9143 /* CalendarView.swift in Sources */ = {isa = PBXBuildFile; fileRef = 1ED34BFE2E0CB9B0007C9143 /* CalendarView.swift */; };
		1ED34C012E0CB9B0007C9143 /* DebugPanelView.swift in Sources */ = {isa = PBXBuildFile; fileRef = 1ED34BFF2E0CB9B0007C9143 /* DebugPanelView.swift */; };
/* End PBXBuildFile section */

/* Begin PBXContainerItemProxy section */
		1ED34BD02E0C5A60007C9143 /* PBXContainerItemProxy */ = {
			isa = PBXContainerItemProxy;
			containerPortal = 1ED34BBA2E0C5A5F007C9143 /* Project object */;
			proxyType = 1;
			remoteGlobalIDString = 1ED34BC12E0C5A5F007C9143;
			remoteInfo = IWNDWYT;
		};
		1ED34BDA2E0C5A60007C9143 /* PBXContainerItemProxy */ = {
			isa = PBXContainerItemProxy;
			containerPortal = 1ED34BBA2E0C5A5F007C9143 /* Project object */;
			proxyType = 1;
			remoteGlobalIDString = 1ED34BC12E0C5A5F007C9143;
			remoteInfo = IWNDWYT;
		};
/* End PBXContainerItemProxy section */

/* Begin PBXFileReference section */
		1E002D032E1363A800FAB932 /* MotivationManager.swift */ = {isa = PBXFileReference; lastKnownFileType = sourcecode.swift; name = MotivationManager.swift; path = ../Models/MotivationManager.swift; sourceTree = SOURCE_ROOT; };
		1E0B2F2A2E0CE67F00CF25EE /* MilestoneProgressView.swift */ = {isa = PBXFileReference; lastKnownFileType = sourcecode.swift; path = MilestoneProgressView.swift; sourceTree = "<group>"; };
		1E0B2F2C2E0CED5C00CF25EE /* AppSettingsViewModel.swift */ = {isa = PBXFileReference; lastKnownFileType = sourcecode.swift; path = AppSettingsViewModel.swift; sourceTree = "<group>"; };
		1E4F58992E0D9117000EB7B9 /* MetricCardView.swift */ = {isa = PBXFileReference; lastKnownFileType = sourcecode.swift; path = MetricCardView.swift; sourceTree = "<group>"; };
		1E4F589B2E0DA834000EB7B9 /* ActiveStreakView.swift */ = {isa = PBXFileReference; lastKnownFileType = sourcecode.swift; path = ActiveStreakView.swift; sourceTree = "<group>"; };
		1E4F58A92E0DB05C000EB7B9 /* HistorySectionView.swift */ = {isa = PBXFileReference; lastKnownFileType = sourcecode.swift; path = HistorySectionView.swift; sourceTree = "<group>"; };
		1E4F58AA2E0DB05C000EB7B9 /* MetricRowView.swift */ = {isa = PBXFileReference; lastKnownFileType = sourcecode.swift; path = MetricRowView.swift; sourceTree = "<group>"; };
		1E4F58AB2E0DB05C000EB7B9 /* ProgressSectionView.swift */ = {isa = PBXFileReference; lastKnownFileType = sourcecode.swift; path = ProgressSectionView.swift; sourceTree = "<group>"; };
		1E4F58AC2E0DB05C000EB7B9 /* SectionHeaderView.swift */ = {isa = PBXFileReference; lastKnownFileType = sourcecode.swift; path = SectionHeaderView.swift; sourceTree = "<group>"; };
		1E4F58AD2E0DB05C000EB7B9 /* StreakActionButtonView.swift */ = {isa = PBXFileReference; lastKnownFileType = sourcecode.swift; path = StreakActionButtonView.swift; sourceTree = "<group>"; };
		1E4F58B32E0DB898000EB7B9 /* MainTabView.swift */ = {isa = PBXFileReference; lastKnownFileType = sourcecode.swift; path = MainTabView.swift; sourceTree = "<group>"; };
		1E4F58B52E0DC181000EB7B9 /* TabBarButton.swift */ = {isa = PBXFileReference; lastKnownFileType = sourcecode.swift; path = TabBarButton.swift; sourceTree = "<group>"; };
		1E4F58B72E0DF374000EB7B9 /* AboutView.swift */ = {isa = PBXFileReference; lastKnownFileType = sourcecode.swift; path = AboutView.swift; sourceTree = "<group>"; };
		1E4F58CF2E0E17C2000EB7B9 /* StartDatePickerView.swift */ = {isa = PBXFileReference; lastKnownFileType = sourcecode.swift; path = StartDatePickerView.swift; sourceTree = "<group>"; };
		1E4F58D32E0E22BB000EB7B9 /* ProgressSectionView.swift */ = {isa = PBXFileReference; lastKnownFileType = sourcecode.swift; path = ProgressSectionView.swift; sourceTree = "<group>"; };
		1E4F58FD2E0E30B3000EB7B9 /* DataNerdModeView.swift */ = {isa = PBXFileReference; lastKnownFileType = sourcecode.swift; path = DataNerdModeView.swift; sourceTree = "<group>"; };
		1E4F58FF2E0F1AC9000EB7B9 /* IntroView.swift */ = {isa = PBXFileReference; lastKnownFileType = sourcecode.swift; path = IntroView.swift; sourceTree = "<group>"; };
		1E4F59012E0F1C40000EB7B9 /* PreviewHelpers.swift */ = {isa = PBXFileReference; lastKnownFileType = sourcecode.swift; name = PreviewHelpers.swift; path = ../Views/PreviewHelpers.swift; sourceTree = SOURCE_ROOT; };
		1E4F59032E0F38F3000EB7B9 /* TipJarView.swift */ = {isa = PBXFileReference; lastKnownFileType = sourcecode.swift; path = TipJarView.swift; sourceTree = "<group>"; };
		1E4F59052E0F812B000EB7B9 /* TipStore.swift */ = {isa = PBXFileReference; lastKnownFileType = sourcecode.swift; name = TipStore.swift; path = ../Views/TipStore.swift; sourceTree = "<group>"; };
		1E7A936C2E1446ED00C38E0F /* MotivationalPopupView.swift */ = {isa = PBXFileReference; lastKnownFileType = sourcecode.swift; path = MotivationalPopupView.swift; sourceTree = "<group>"; };
		1E7A93702E14AF4400C38E0F /* RatingManager.swift */ = {isa = PBXFileReference; lastKnownFileType = sourcecode.swift; path = RatingManager.swift; sourceTree = "<group>"; };
		1E7A93722E15872F00C38E0F /* MilestoneCelebrationView.swift */ = {isa = PBXFileReference; lastKnownFileType = sourcecode.swift; path = MilestoneCelebrationView.swift; sourceTree = "<group>"; };
		1EAA160F2E0F93D000B904B8 /* StoreKit.framework */ = {isa = PBXFileReference; lastKnownFileType = wrapper.framework; name = StoreKit.framework; path = System/Library/Frameworks/StoreKit.framework; sourceTree = SDKROOT; };
		1EAA16112E0F956A00B904B8 /* TipJarStoreKit.storekit */ = {isa = PBXFileReference; lastKnownFileType = text; name = TipJarStoreKit.storekit; path = ../Views/TipJarStoreKit.storekit; sourceTree = SOURCE_ROOT; };
		1EAA16132E109B6A00B904B8 /* SettingsButtonStyle.swift */ = {isa = PBXFileReference; lastKnownFileType = sourcecode.swift; path = SettingsButtonStyle.swift; sourceTree = "<group>"; };
		1EAA16152E10A8B000B904B8 /* SessionTracker.swift */ = {isa = PBXFileReference; lastKnownFileType = sourcecode.swift; name = SessionTracker.swift; path = ../Views/SessionTracker.swift; sourceTree = SOURCE_ROOT; };
		1ED34BC22E0C5A5F007C9143 /* IWNDWYT.app */ = {isa = PBXFileReference; explicitFileType = wrapper.application; includeInIndex = 0; path = IWNDWYT.app; sourceTree = BUILT_PRODUCTS_DIR; };
		1ED34BC72E0C5A5F007C9143 /* ContentView.swift */ = {isa = PBXFileReference; lastKnownFileType = sourcecode.swift; path = ContentView.swift; sourceTree = "<group>"; };
		1ED34BCF2E0C5A60007C9143 /* IWNDWYTTests.xctest */ = {isa = PBXFileReference; explicitFileType = wrapper.cfbundle; includeInIndex = 0; path = IWNDWYTTests.xctest; sourceTree = BUILT_PRODUCTS_DIR; };
		1ED34BD92E0C5A60007C9143 /* IWNDWYTUITests.xctest */ = {isa = PBXFileReference; explicitFileType = wrapper.cfbundle; includeInIndex = 0; path = IWNDWYTUITests.xctest; sourceTree = BUILT_PRODUCTS_DIR; };
		1ED34BF22E0C7FA4007C9143 /* DayCounterViewModel.swift */ = {isa = PBXFileReference; lastKnownFileType = sourcecode.swift; path = DayCounterViewModel.swift; sourceTree = "<group>"; };
		1ED34BF42E0C802C007C9143 /* SobrietyData.swift */ = {isa = PBXFileReference; lastKnownFileType = sourcecode.swift; name = SobrietyData.swift; path = ../Models/SobrietyData.swift; sourceTree = SOURCE_ROOT; };
		1ED34BF62E0CA05D007C9143 /* DateProvider.swift */ = {isa = PBXFileReference; lastKnownFileType = sourcecode.swift; name = DateProvider.swift; path = ../Models/DateProvider.swift; sourceTree = SOURCE_ROOT; };
		1ED34BF82E0CA1BE007C9143 /* DebugPanelView.swift */ = {isa = PBXFileReference; lastKnownFileType = sourcecode.swift; name = DebugPanelView.swift; path = ../Views/DebugPanelView.swift; sourceTree = SOURCE_ROOT; };
		1ED34BFA2E0CAACC007C9143 /* SettingsView.swift */ = {isa = PBXFileReference; lastKnownFileType = sourcecode.swift; path = SettingsView.swift; sourceTree = "<group>"; };
		1ED34BFC2E0CAFD7007C9143 /* MetricsView.swift */ = {isa = PBXFileReference; lastKnownFileType = sourcecode.swift; path = MetricsView.swift; sourceTree = "<group>"; };
		1ED34BFE2E0CB9B0007C9143 /* CalendarView.swift */ = {isa = PBXFileReference; lastKnownFileType = sourcecode.swift; path = CalendarView.swift; sourceTree = "<group>"; };
		1ED34BFF2E0CB9B0007C9143 /* DebugPanelView.swift */ = {isa = PBXFileReference; lastKnownFileType = sourcecode.swift; path = DebugPanelView.swift; sourceTree = "<group>"; };
/* End PBXFileReference section */

/* Begin PBXFileSystemSynchronizedRootGroup section */
		1ED34BC42E0C5A5F007C9143 /* IWNDWYT */ = {
			isa = PBXFileSystemSynchronizedRootGroup;
			path = IWNDWYT;
			sourceTree = "<group>";
		};
		1ED34BD22E0C5A60007C9143 /* IWNDWYTTests */ = {
			isa = PBXFileSystemSynchronizedRootGroup;
			path = IWNDWYTTests;
			sourceTree = "<group>";
		};
		1ED34BDC2E0C5A60007C9143 /* IWNDWYTUITests */ = {
			isa = PBXFileSystemSynchronizedRootGroup;
			path = IWNDWYTUITests;
			sourceTree = "<group>";
		};
/* End PBXFileSystemSynchronizedRootGroup section */

/* Begin PBXFrameworksBuildPhase section */
		1ED34BBF2E0C5A5F007C9143 /* Frameworks */ = {
			isa = PBXFrameworksBuildPhase;
			buildActionMask = 2147483647;
			files = (
				1EAA16102E0F93D000B904B8 /* StoreKit.framework in Frameworks */,
			);
			runOnlyForDeploymentPostprocessing = 0;
		};
		1ED34BCC2E0C5A60007C9143 /* Frameworks */ = {
			isa = PBXFrameworksBuildPhase;
			buildActionMask = 2147483647;
			files = (
			);
			runOnlyForDeploymentPostprocessing = 0;
		};
		1ED34BD62E0C5A60007C9143 /* Frameworks */ = {
			isa = PBXFrameworksBuildPhase;
			buildActionMask = 2147483647;
			files = (
			);
			runOnlyForDeploymentPostprocessing = 0;
		};
/* End PBXFrameworksBuildPhase section */

/* Begin PBXGroup section */
		1EAA160E2E0F93D000B904B8 /* Frameworks */ = {
			isa = PBXGroup;
			children = (
				1EAA160F2E0F93D000B904B8 /* StoreKit.framework */,
			);
			name = Frameworks;
			sourceTree = "<group>";
		};
		1ED34BB92E0C5A5F007C9143 = {
			isa = PBXGroup;
			children = (
				1ED34BEC2E0C5EF4007C9143 /* Models */,
				1ED34BED2E0C5EF4007C9143 /* Resources */,
				1ED34BEE2E0C5EF4007C9143 /* ViewModels */,
				1ED34BEF2E0C5EF4007C9143 /* Views */,
				1ED34BC42E0C5A5F007C9143 /* IWNDWYT */,
				1ED34BD22E0C5A60007C9143 /* IWNDWYTTests */,
				1ED34BDC2E0C5A60007C9143 /* IWNDWYTUITests */,
				1EAA160E2E0F93D000B904B8 /* Frameworks */,
				1ED34BC32E0C5A5F007C9143 /* Products */,
			);
			sourceTree = "<group>";
		};
		1ED34BC32E0C5A5F007C9143 /* Products */ = {
			isa = PBXGroup;
			children = (
				1ED34BC22E0C5A5F007C9143 /* IWNDWYT.app */,
				1ED34BCF2E0C5A60007C9143 /* IWNDWYTTests.xctest */,
				1ED34BD92E0C5A60007C9143 /* IWNDWYTUITests.xctest */,
			);
			name = Products;
			sourceTree = "<group>";
		};
		1ED34BEC2E0C5EF4007C9143 /* Models */ = {
			isa = PBXGroup;
			children = (
				1ED34BF42E0C802C007C9143 /* SobrietyData.swift */,
			);
			name = Models;
			path = ../Models;
			sourceTree = SOURCE_ROOT;
		};
		1ED34BED2E0C5EF4007C9143 /* Resources */ = {
			isa = PBXGroup;
			children = (
				1EAA16152E10A8B000B904B8 /* SessionTracker.swift */,
				1EAA16112E0F956A00B904B8 /* TipJarStoreKit.storekit */,
				1E4F59012E0F1C40000EB7B9 /* PreviewHelpers.swift */,
				1E4F59052E0F812B000EB7B9 /* TipStore.swift */,
			);
			name = Resources;
			path = ../Resources;
			sourceTree = SOURCE_ROOT;
		};
		1ED34BEE2E0C5EF4007C9143 /* ViewModels */ = {
			isa = PBXGroup;
			children = (
				1E002D032E1363A800FAB932 /* MotivationManager.swift */,
				1E7A93702E14AF4400C38E0F /* RatingManager.swift */,
				1E0B2F2C2E0CED5C00CF25EE /* AppSettingsViewModel.swift */,
				1ED34BF22E0C7FA4007C9143 /* DayCounterViewModel.swift */,
				1ED34BF82E0CA1BE007C9143 /* DebugPanelView.swift */,
			);
			name = ViewModels;
			path = ../ViewModels;
			sourceTree = SOURCE_ROOT;
		};
		1ED34BEF2E0C5EF4007C9143 /* Views */ = {
			isa = PBXGroup;
			children = (
				1E7A93722E15872F00C38E0F /* MilestoneCelebrationView.swift */,
				1E7A936C2E1446ED00C38E0F /* MotivationalPopupView.swift */,
				1EAA16132E109B6A00B904B8 /* SettingsButtonStyle.swift */,
				1E4F58FD2E0E30B3000EB7B9 /* DataNerdModeView.swift */,
				1E4F58D32E0E22BB000EB7B9 /* ProgressSectionView.swift */,
				1E4F58CF2E0E17C2000EB7B9 /* StartDatePickerView.swift */,
				1E4F58B72E0DF374000EB7B9 /* AboutView.swift */,
				1E4F58B52E0DC181000EB7B9 /* TabBarButton.swift */,
				1E4F58B32E0DB898000EB7B9 /* MainTabView.swift */,
				1E4F58A92E0DB05C000EB7B9 /* HistorySectionView.swift */,
				1E4F58AA2E0DB05C000EB7B9 /* MetricRowView.swift */,
				1E4F58AB2E0DB05C000EB7B9 /* ProgressSectionView.swift */,
				1E4F58AC2E0DB05C000EB7B9 /* SectionHeaderView.swift */,
				1E4F58AD2E0DB05C000EB7B9 /* StreakActionButtonView.swift */,
				1E0B2F2A2E0CE67F00CF25EE /* MilestoneProgressView.swift */,
				1ED34BFE2E0CB9B0007C9143 /* CalendarView.swift */,
				1ED34BFF2E0CB9B0007C9143 /* DebugPanelView.swift */,
				1ED34BFC2E0CAFD7007C9143 /* MetricsView.swift */,
				1ED34BFA2E0CAACC007C9143 /* SettingsView.swift */,
				1ED34BC72E0C5A5F007C9143 /* ContentView.swift */,
				1E4F59032E0F38F3000EB7B9 /* TipJarView.swift */,
				1E4F58FF2E0F1AC9000EB7B9 /* IntroView.swift */,
				1E4F589B2E0DA834000EB7B9 /* ActiveStreakView.swift */,
				1E4F58992E0D9117000EB7B9 /* MetricCardView.swift */,
				1ED34BF62E0CA05D007C9143 /* DateProvider.swift */,
			);
			name = Views;
			path = ../Views;
			sourceTree = SOURCE_ROOT;
		};
/* End PBXGroup section */

/* Begin PBXNativeTarget section */
		1ED34BC12E0C5A5F007C9143 /* IWNDWYT */ = {
			isa = PBXNativeTarget;
			buildConfigurationList = 1ED34BE32E0C5A60007C9143 /* Build configuration list for PBXNativeTarget "IWNDWYT" */;
			buildPhases = (
				1ED34BBE2E0C5A5F007C9143 /* Sources */,
				1ED34BBF2E0C5A5F007C9143 /* Frameworks */,
				1ED34BC02E0C5A5F007C9143 /* Resources */,
			);
			buildRules = (
			);
			dependencies = (
			);
			fileSystemSynchronizedGroups = (
				1ED34BC42E0C5A5F007C9143 /* IWNDWYT */,
			);
			name = IWNDWYT;
			packageProductDependencies = (
			);
			productName = IWNDWYT;
			productReference = 1ED34BC22E0C5A5F007C9143 /* IWNDWYT.app */;
			productType = "com.apple.product-type.application";
		};
		1ED34BCE2E0C5A60007C9143 /* IWNDWYTTests */ = {
			isa = PBXNativeTarget;
			buildConfigurationList = 1ED34BE62E0C5A60007C9143 /* Build configuration list for PBXNativeTarget "IWNDWYTTests" */;
			buildPhases = (
				1ED34BCB2E0C5A60007C9143 /* Sources */,
				1ED34BCC2E0C5A60007C9143 /* Frameworks */,
				1ED34BCD2E0C5A60007C9143 /* Resources */,
			);
			buildRules = (
			);
			dependencies = (
				1ED34BD12E0C5A60007C9143 /* PBXTargetDependency */,
			);
			fileSystemSynchronizedGroups = (
				1ED34BD22E0C5A60007C9143 /* IWNDWYTTests */,
			);
			name = IWNDWYTTests;
			packageProductDependencies = (
			);
			productName = IWNDWYTTests;
			productReference = 1ED34BCF2E0C5A60007C9143 /* IWNDWYTTests.xctest */;
			productType = "com.apple.product-type.bundle.unit-test";
		};
		1ED34BD82E0C5A60007C9143 /* IWNDWYTUITests */ = {
			isa = PBXNativeTarget;
			buildConfigurationList = 1ED34BE92E0C5A60007C9143 /* Build configuration list for PBXNativeTarget "IWNDWYTUITests" */;
			buildPhases = (
				1ED34BD52E0C5A60007C9143 /* Sources */,
				1ED34BD62E0C5A60007C9143 /* Frameworks */,
				1ED34BD72E0C5A60007C9143 /* Resources */,
			);
			buildRules = (
			);
			dependencies = (
				1ED34BDB2E0C5A60007C9143 /* PBXTargetDependency */,
			);
			fileSystemSynchronizedGroups = (
				1ED34BDC2E0C5A60007C9143 /* IWNDWYTUITests */,
			);
			name = IWNDWYTUITests;
			packageProductDependencies = (
			);
			productName = IWNDWYTUITests;
			productReference = 1ED34BD92E0C5A60007C9143 /* IWNDWYTUITests.xctest */;
			productType = "com.apple.product-type.bundle.ui-testing";
		};
/* End PBXNativeTarget section */

/* Begin PBXProject section */
		1ED34BBA2E0C5A5F007C9143 /* Project object */ = {
			isa = PBXProject;
			attributes = {
				BuildIndependentTargetsInParallel = 1;
				LastSwiftUpdateCheck = 1640;
				LastUpgradeCheck = 1640;
				TargetAttributes = {
					1ED34BC12E0C5A5F007C9143 = {
						CreatedOnToolsVersion = 16.4;
					};
					1ED34BCE2E0C5A60007C9143 = {
						CreatedOnToolsVersion = 16.4;
						TestTargetID = 1ED34BC12E0C5A5F007C9143;
					};
					1ED34BD82E0C5A60007C9143 = {
						CreatedOnToolsVersion = 16.4;
						TestTargetID = 1ED34BC12E0C5A5F007C9143;
					};
				};
			};
			buildConfigurationList = 1ED34BBD2E0C5A5F007C9143 /* Build configuration list for PBXProject "IWNDWYT" */;
			developmentRegion = en;
			hasScannedForEncodings = 0;
			knownRegions = (
				en,
				Base,
			);
			mainGroup = 1ED34BB92E0C5A5F007C9143;
			minimizedProjectReferenceProxies = 1;
			preferredProjectObjectVersion = 77;
			productRefGroup = 1ED34BC32E0C5A5F007C9143 /* Products */;
			projectDirPath = "";
			projectRoot = "";
			targets = (
				1ED34BC12E0C5A5F007C9143 /* IWNDWYT */,
				1ED34BCE2E0C5A60007C9143 /* IWNDWYTTests */,
				1ED34BD82E0C5A60007C9143 /* IWNDWYTUITests */,
			);
		};
/* End PBXProject section */

/* Begin PBXResourcesBuildPhase section */
		1ED34BC02E0C5A5F007C9143 /* Resources */ = {
			isa = PBXResourcesBuildPhase;
			buildActionMask = 2147483647;
			files = (
				1EAA16122E0F956A00B904B8 /* TipJarStoreKit.storekit in Resources */,
			);
			runOnlyForDeploymentPostprocessing = 0;
		};
		1ED34BCD2E0C5A60007C9143 /* Resources */ = {
			isa = PBXResourcesBuildPhase;
			buildActionMask = 2147483647;
			files = (
			);
			runOnlyForDeploymentPostprocessing = 0;
		};
		1ED34BD72E0C5A60007C9143 /* Resources */ = {
			isa = PBXResourcesBuildPhase;
			buildActionMask = 2147483647;
			files = (
			);
			runOnlyForDeploymentPostprocessing = 0;
		};
/* End PBXResourcesBuildPhase section */

/* Begin PBXSourcesBuildPhase section */
		1ED34BBE2E0C5A5F007C9143 /* Sources */ = {
			isa = PBXSourcesBuildPhase;
			buildActionMask = 2147483647;
			files = (
				1ED34BFB2E0CAACC007C9143 /* SettingsView.swift in Sources */,
				1E7A93712E14AF4400C38E0F /* RatingManager.swift in Sources */,
				1ED34BF52E0C802C007C9143 /* SobrietyData.swift in Sources */,
				1E4F58B82E0DF374000EB7B9 /* AboutView.swift in Sources */,
				1E4F58D02E0E17C2000EB7B9 /* StartDatePickerView.swift in Sources */,
				1E4F589C2E0DA834000EB7B9 /* ActiveStreakView.swift in Sources */,
				1E4F58AE2E0DB05C000EB7B9 /* StreakActionButtonView.swift in Sources */,
				1E4F58AF2E0DB05C000EB7B9 /* HistorySectionView.swift in Sources */,
				1E4F58B02E0DB05C000EB7B9 /* ProgressSectionView.swift in Sources */,
				1E4F59062E0F812B000EB7B9 /* TipStore.swift in Sources */,
				1E4F58FE2E0E30B3000EB7B9 /* DataNerdModeView.swift in Sources */,
				1E4F58B12E0DB05C000EB7B9 /* SectionHeaderView.swift in Sources */,
				1E4F58B22E0DB05C000EB7B9 /* MetricRowView.swift in Sources */,
				1ED34C002E0CB9B0007C9143 /* CalendarView.swift in Sources */,
				1EAA16162E10A8B000B904B8 /* SessionTracker.swift in Sources */,
				1E0B2F2B2E0CE67F00CF25EE /* MilestoneProgressView.swift in Sources */,
				1ED34C012E0CB9B0007C9143 /* DebugPanelView.swift in Sources */,
				1E7A93732E15872F00C38E0F /* MilestoneCelebrationView.swift in Sources */,
				1E4F58B62E0DC181000EB7B9 /* TabBarButton.swift in Sources */,
				1E4F59022E0F1C40000EB7B9 /* PreviewHelpers.swift in Sources */,
				1ED34BF92E0CA1BE007C9143 /* DebugPanelView.swift in Sources */,
				1E7A936D2E1446ED00C38E0F /* MotivationalPopupView.swift in Sources */,
				1ED34BF72E0CA05D007C9143 /* DateProvider.swift in Sources */,
				1E4F59002E0F1AC9000EB7B9 /* IntroView.swift in Sources */,
				1E0B2F2D2E0CED5C00CF25EE /* AppSettingsViewModel.swift in Sources */,
				1E002D042E1363A800FAB932 /* MotivationManager.swift in Sources */,
				1E4F59042E0F38F3000EB7B9 /* TipJarView.swift in Sources */,
				1ED34BC82E0C5A5F007C9143 /* ContentView.swift in Sources */,
				1ED34BF32E0C7FA4007C9143 /* DayCounterViewModel.swift in Sources */,
				1ED34BFD2E0CAFD7007C9143 /* MetricsView.swift in Sources */,
				1EAA16142E109B6A00B904B8 /* SettingsButtonStyle.swift in Sources */,
				1E4F58D42E0E22BB000EB7B9 /* ProgressSectionView.swift in Sources */,
				1E4F589A2E0D9117000EB7B9 /* MetricCardView.swift in Sources */,
				1E4F58B42E0DB898000EB7B9 /* MainTabView.swift in Sources */,
			);
			runOnlyForDeploymentPostprocessing = 0;
		};
		1ED34BCB2E0C5A60007C9143 /* Sources */ = {
			isa = PBXSourcesBuildPhase;
			buildActionMask = 2147483647;
			files = (
			);
			runOnlyForDeploymentPostprocessing = 0;
		};
		1ED34BD52E0C5A60007C9143 /* Sources */ = {
			isa = PBXSourcesBuildPhase;
			buildActionMask = 2147483647;
			files = (
			);
			runOnlyForDeploymentPostprocessing = 0;
		};
/* End PBXSourcesBuildPhase section */

/* Begin PBXTargetDependency section */
		1ED34BD12E0C5A60007C9143 /* PBXTargetDependency */ = {
			isa = PBXTargetDependency;
			target = 1ED34BC12E0C5A5F007C9143 /* IWNDWYT */;
			targetProxy = 1ED34BD02E0C5A60007C9143 /* PBXContainerItemProxy */;
		};
		1ED34BDB2E0C5A60007C9143 /* PBXTargetDependency */ = {
			isa = PBXTargetDependency;
			target = 1ED34BC12E0C5A5F007C9143 /* IWNDWYT */;
			targetProxy = 1ED34BDA2E0C5A60007C9143 /* PBXContainerItemProxy */;
		};
/* End PBXTargetDependency section */

/* Begin XCBuildConfiguration section */
		1ED34BE12E0C5A60007C9143 /* Debug */ = {
			isa = XCBuildConfiguration;
			buildSettings = {
				ALWAYS_SEARCH_USER_PATHS = NO;
				ASSETCATALOG_COMPILER_GENERATE_SWIFT_ASSET_SYMBOL_EXTENSIONS = YES;
				CLANG_ANALYZER_NONNULL = YES;
				CLANG_ANALYZER_NUMBER_OBJECT_CONVERSION = YES_AGGRESSIVE;
				CLANG_CXX_LANGUAGE_STANDARD = "gnu++20";
				CLANG_ENABLE_MODULES = YES;
				CLANG_ENABLE_OBJC_ARC = YES;
				CLANG_ENABLE_OBJC_WEAK = YES;
				CLANG_WARN_BLOCK_CAPTURE_AUTORELEASING = YES;
				CLANG_WARN_BOOL_CONVERSION = YES;
				CLANG_WARN_COMMA = YES;
				CLANG_WARN_CONSTANT_CONVERSION = YES;
				CLANG_WARN_DEPRECATED_OBJC_IMPLEMENTATIONS = YES;
				CLANG_WARN_DIRECT_OBJC_ISA_USAGE = YES_ERROR;
				CLANG_WARN_DOCUMENTATION_COMMENTS = YES;
				CLANG_WARN_EMPTY_BODY = YES;
				CLANG_WARN_ENUM_CONVERSION = YES;
				CLANG_WARN_INFINITE_RECURSION = YES;
				CLANG_WARN_INT_CONVERSION = YES;
				CLANG_WARN_NON_LITERAL_NULL_CONVERSION = YES;
				CLANG_WARN_OBJC_IMPLICIT_RETAIN_SELF = YES;
				CLANG_WARN_OBJC_LITERAL_CONVERSION = YES;
				CLANG_WARN_OBJC_ROOT_CLASS = YES_ERROR;
				CLANG_WARN_QUOTED_INCLUDE_IN_FRAMEWORK_HEADER = YES;
				CLANG_WARN_RANGE_LOOP_ANALYSIS = YES;
				CLANG_WARN_STRICT_PROTOTYPES = YES;
				CLANG_WARN_SUSPICIOUS_MOVE = YES;
				CLANG_WARN_UNGUARDED_AVAILABILITY = YES_AGGRESSIVE;
				CLANG_WARN_UNREACHABLE_CODE = YES;
				CLANG_WARN__DUPLICATE_METHOD_MATCH = YES;
				COPY_PHASE_STRIP = NO;
				DEBUG_INFORMATION_FORMAT = dwarf;
				DEVELOPMENT_TEAM = 8ST43C8H2Z;
				ENABLE_STRICT_OBJC_MSGSEND = YES;
				ENABLE_TESTABILITY = YES;
				ENABLE_USER_SCRIPT_SANDBOXING = YES;
				GCC_C_LANGUAGE_STANDARD = gnu17;
				GCC_DYNAMIC_NO_PIC = NO;
				GCC_NO_COMMON_BLOCKS = YES;
				GCC_OPTIMIZATION_LEVEL = 0;
				GCC_PREPROCESSOR_DEFINITIONS = (
					"DEBUG=1",
					"$(inherited)",
				);
				GCC_WARN_64_TO_32_BIT_CONVERSION = YES;
				GCC_WARN_ABOUT_RETURN_TYPE = YES_ERROR;
				GCC_WARN_UNDECLARED_SELECTOR = YES;
				GCC_WARN_UNINITIALIZED_AUTOS = YES_AGGRESSIVE;
				GCC_WARN_UNUSED_FUNCTION = YES;
				GCC_WARN_UNUSED_VARIABLE = YES;
				IPHONEOS_DEPLOYMENT_TARGET = 18.5;
				LOCALIZATION_PREFERS_STRING_CATALOGS = YES;
				MTL_ENABLE_DEBUG_INFO = INCLUDE_SOURCE;
				MTL_FAST_MATH = YES;
				ONLY_ACTIVE_ARCH = YES;
				SDKROOT = iphoneos;
				SWIFT_ACTIVE_COMPILATION_CONDITIONS = "DEBUG $(inherited)";
				SWIFT_OPTIMIZATION_LEVEL = "-Onone";
			};
			name = Debug;
		};
		1ED34BE22E0C5A60007C9143 /* Release */ = {
			isa = XCBuildConfiguration;
			buildSettings = {
				ALWAYS_SEARCH_USER_PATHS = NO;
				ASSETCATALOG_COMPILER_GENERATE_SWIFT_ASSET_SYMBOL_EXTENSIONS = YES;
				CLANG_ANALYZER_NONNULL = YES;
				CLANG_ANALYZER_NUMBER_OBJECT_CONVERSION = YES_AGGRESSIVE;
				CLANG_CXX_LANGUAGE_STANDARD = "gnu++20";
				CLANG_ENABLE_MODULES = YES;
				CLANG_ENABLE_OBJC_ARC = YES;
				CLANG_ENABLE_OBJC_WEAK = YES;
				CLANG_WARN_BLOCK_CAPTURE_AUTORELEASING = YES;
				CLANG_WARN_BOOL_CONVERSION = YES;
				CLANG_WARN_COMMA = YES;
				CLANG_WARN_CONSTANT_CONVERSION = YES;
				CLANG_WARN_DEPRECATED_OBJC_IMPLEMENTATIONS = YES;
				CLANG_WARN_DIRECT_OBJC_ISA_USAGE = YES_ERROR;
				CLANG_WARN_DOCUMENTATION_COMMENTS = YES;
				CLANG_WARN_EMPTY_BODY = YES;
				CLANG_WARN_ENUM_CONVERSION = YES;
				CLANG_WARN_INFINITE_RECURSION = YES;
				CLANG_WARN_INT_CONVERSION = YES;
				CLANG_WARN_NON_LITERAL_NULL_CONVERSION = YES;
				CLANG_WARN_OBJC_IMPLICIT_RETAIN_SELF = YES;
				CLANG_WARN_OBJC_LITERAL_CONVERSION = YES;
				CLANG_WARN_OBJC_ROOT_CLASS = YES_ERROR;
				CLANG_WARN_QUOTED_INCLUDE_IN_FRAMEWORK_HEADER = YES;
				CLANG_WARN_RANGE_LOOP_ANALYSIS = YES;
				CLANG_WARN_STRICT_PROTOTYPES = YES;
				CLANG_WARN_SUSPICIOUS_MOVE = YES;
				CLANG_WARN_UNGUARDED_AVAILABILITY = YES_AGGRESSIVE;
				CLANG_WARN_UNREACHABLE_CODE = YES;
				CLANG_WARN__DUPLICATE_METHOD_MATCH = YES;
				COPY_PHASE_STRIP = NO;
				DEBUG_INFORMATION_FORMAT = "dwarf-with-dsym";
				DEVELOPMENT_TEAM = 8ST43C8H2Z;
				ENABLE_NS_ASSERTIONS = NO;
				ENABLE_STRICT_OBJC_MSGSEND = YES;
				ENABLE_USER_SCRIPT_SANDBOXING = YES;
				GCC_C_LANGUAGE_STANDARD = gnu17;
				GCC_NO_COMMON_BLOCKS = YES;
				GCC_WARN_64_TO_32_BIT_CONVERSION = YES;
				GCC_WARN_ABOUT_RETURN_TYPE = YES_ERROR;
				GCC_WARN_UNDECLARED_SELECTOR = YES;
				GCC_WARN_UNINITIALIZED_AUTOS = YES_AGGRESSIVE;
				GCC_WARN_UNUSED_FUNCTION = YES;
				GCC_WARN_UNUSED_VARIABLE = YES;
				IPHONEOS_DEPLOYMENT_TARGET = 18.5;
				LOCALIZATION_PREFERS_STRING_CATALOGS = YES;
				MTL_ENABLE_DEBUG_INFO = NO;
				MTL_FAST_MATH = YES;
				SDKROOT = iphoneos;
				SWIFT_COMPILATION_MODE = wholemodule;
				VALIDATE_PRODUCT = YES;
			};
			name = Release;
		};
		1ED34BE42E0C5A60007C9143 /* Debug */ = {
			isa = XCBuildConfiguration;
			buildSettings = {
				ASSETCATALOG_COMPILER_APPICON_NAME = AppIcon;
				ASSETCATALOG_COMPILER_GLOBAL_ACCENT_COLOR_NAME = AccentColor;
				CODE_SIGN_STYLE = Automatic;
				CURRENT_PROJECT_VERSION = 1;
				DEVELOPMENT_TEAM = 8ST43C8H2Z;
				ENABLE_PREVIEWS = YES;
				GENERATE_INFOPLIST_FILE = YES;
				INFOPLIST_KEY_UIApplicationSceneManifest_Generation = YES;
				INFOPLIST_KEY_UIApplicationSupportsIndirectInputEvents = YES;
				INFOPLIST_KEY_UILaunchScreen_Generation = YES;
				INFOPLIST_KEY_UISupportedInterfaceOrientations_iPad = "UIInterfaceOrientationPortrait UIInterfaceOrientationPortraitUpsideDown UIInterfaceOrientationLandscapeLeft UIInterfaceOrientationLandscapeRight";
				INFOPLIST_KEY_UISupportedInterfaceOrientations_iPhone = "UIInterfaceOrientationPortrait UIInterfaceOrientationLandscapeLeft UIInterfaceOrientationLandscapeRight";
				LD_RUNPATH_SEARCH_PATHS = (
					"$(inherited)",
					"@executable_path/Frameworks",
				);
				MARKETING_VERSION = 1.1.0;
				PRODUCT_BUNDLE_IDENTIFIER = com.markgingrass.IWNDWYT;
				PRODUCT_NAME = "$(TARGET_NAME)";
				SUPPORTED_PLATFORMS = "iphoneos iphonesimulator";
				SUPPORTS_MACCATALYST = NO;
				SUPPORTS_MAC_DESIGNED_FOR_IPHONE_IPAD = NO;
				SUPPORTS_XR_DESIGNED_FOR_IPHONE_IPAD = NO;
				SWIFT_EMIT_LOC_STRINGS = YES;
				SWIFT_VERSION = 5.0;
				TARGETED_DEVICE_FAMILY = 1;
			};
			name = Debug;
		};
		1ED34BE52E0C5A60007C9143 /* Release */ = {
			isa = XCBuildConfiguration;
			buildSettings = {
				ASSETCATALOG_COMPILER_APPICON_NAME = AppIcon;
				ASSETCATALOG_COMPILER_GLOBAL_ACCENT_COLOR_NAME = AccentColor;
				CODE_SIGN_STYLE = Automatic;
				CURRENT_PROJECT_VERSION = 1;
				DEVELOPMENT_TEAM = 8ST43C8H2Z;
				ENABLE_PREVIEWS = YES;
				GENERATE_INFOPLIST_FILE = YES;
				INFOPLIST_KEY_UIApplicationSceneManifest_Generation = YES;
				INFOPLIST_KEY_UIApplicationSupportsIndirectInputEvents = YES;
				INFOPLIST_KEY_UILaunchScreen_Generation = YES;
				INFOPLIST_KEY_UISupportedInterfaceOrientations_iPad = "UIInterfaceOrientationPortrait UIInterfaceOrientationPortraitUpsideDown UIInterfaceOrientationLandscapeLeft UIInterfaceOrientationLandscapeRight";
				INFOPLIST_KEY_UISupportedInterfaceOrientations_iPhone = "UIInterfaceOrientationPortrait UIInterfaceOrientationLandscapeLeft UIInterfaceOrientationLandscapeRight";
				LD_RUNPATH_SEARCH_PATHS = (
					"$(inherited)",
					"@executable_path/Frameworks",
				);
				MARKETING_VERSION = 1.1.0;
				PRODUCT_BUNDLE_IDENTIFIER = com.markgingrass.IWNDWYT;
				PRODUCT_NAME = "$(TARGET_NAME)";
				SUPPORTED_PLATFORMS = "iphoneos iphonesimulator";
				SUPPORTS_MACCATALYST = NO;
				SUPPORTS_MAC_DESIGNED_FOR_IPHONE_IPAD = NO;
				SUPPORTS_XR_DESIGNED_FOR_IPHONE_IPAD = NO;
				SWIFT_EMIT_LOC_STRINGS = YES;
				SWIFT_VERSION = 5.0;
				TARGETED_DEVICE_FAMILY = 1;
			};
			name = Release;
		};
		1ED34BE72E0C5A60007C9143 /* Debug */ = {
			isa = XCBuildConfiguration;
			buildSettings = {
				BUNDLE_LOADER = "$(TEST_HOST)";
				CODE_SIGN_STYLE = Automatic;
				CURRENT_PROJECT_VERSION = 1;
				DEVELOPMENT_TEAM = 8ST43C8H2Z;
				GENERATE_INFOPLIST_FILE = YES;
				IPHONEOS_DEPLOYMENT_TARGET = 18.5;
				MARKETING_VERSION = 1.0;
				PRODUCT_BUNDLE_IDENTIFIER = com.markgingrass.IWNDWYTTests;
				PRODUCT_NAME = "$(TARGET_NAME)";
				SWIFT_EMIT_LOC_STRINGS = NO;
				SWIFT_VERSION = 5.0;
				TARGETED_DEVICE_FAMILY = "1,2";
				TEST_HOST = "$(BUILT_PRODUCTS_DIR)/IWNDWYT.app/$(BUNDLE_EXECUTABLE_FOLDER_PATH)/IWNDWYT";
			};
			name = Debug;
		};
		1ED34BE82E0C5A60007C9143 /* Release */ = {
			isa = XCBuildConfiguration;
			buildSettings = {
				BUNDLE_LOADER = "$(TEST_HOST)";
				CODE_SIGN_STYLE = Automatic;
				CURRENT_PROJECT_VERSION = 1;
				DEVELOPMENT_TEAM = 8ST43C8H2Z;
				GENERATE_INFOPLIST_FILE = YES;
				IPHONEOS_DEPLOYMENT_TARGET = 18.5;
				MARKETING_VERSION = 1.0;
				PRODUCT_BUNDLE_IDENTIFIER = com.markgingrass.IWNDWYTTests;
				PRODUCT_NAME = "$(TARGET_NAME)";
				SWIFT_EMIT_LOC_STRINGS = NO;
				SWIFT_VERSION = 5.0;
				TARGETED_DEVICE_FAMILY = "1,2";
				TEST_HOST = "$(BUILT_PRODUCTS_DIR)/IWNDWYT.app/$(BUNDLE_EXECUTABLE_FOLDER_PATH)/IWNDWYT";
			};
			name = Release;
		};
		1ED34BEA2E0C5A60007C9143 /* Debug */ = {
			isa = XCBuildConfiguration;
			buildSettings = {
				CODE_SIGN_STYLE = Automatic;
				CURRENT_PROJECT_VERSION = 1;
				DEVELOPMENT_TEAM = 8ST43C8H2Z;
				GENERATE_INFOPLIST_FILE = YES;
				MARKETING_VERSION = 1.0;
				PRODUCT_BUNDLE_IDENTIFIER = com.markgingrass.IWNDWYTUITests;
				PRODUCT_NAME = "$(TARGET_NAME)";
				SWIFT_EMIT_LOC_STRINGS = NO;
				SWIFT_VERSION = 5.0;
				TARGETED_DEVICE_FAMILY = "1,2";
				TEST_TARGET_NAME = IWNDWYT;
			};
			name = Debug;
		};
		1ED34BEB2E0C5A60007C9143 /* Release */ = {
			isa = XCBuildConfiguration;
			buildSettings = {
				CODE_SIGN_STYLE = Automatic;
				CURRENT_PROJECT_VERSION = 1;
				DEVELOPMENT_TEAM = 8ST43C8H2Z;
				GENERATE_INFOPLIST_FILE = YES;
				MARKETING_VERSION = 1.0;
				PRODUCT_BUNDLE_IDENTIFIER = com.markgingrass.IWNDWYTUITests;
				PRODUCT_NAME = "$(TARGET_NAME)";
				SWIFT_EMIT_LOC_STRINGS = NO;
				SWIFT_VERSION = 5.0;
				TARGETED_DEVICE_FAMILY = "1,2";
				TEST_TARGET_NAME = IWNDWYT;
			};
			name = Release;
		};
/* End XCBuildConfiguration section */

/* Begin XCConfigurationList section */
		1ED34BBD2E0C5A5F007C9143 /* Build configuration list for PBXProject "IWNDWYT" */ = {
			isa = XCConfigurationList;
			buildConfigurations = (
				1ED34BE12E0C5A60007C9143 /* Debug */,
				1ED34BE22E0C5A60007C9143 /* Release */,
			);
			defaultConfigurationIsVisible = 0;
			defaultConfigurationName = Release;
		};
		1ED34BE32E0C5A60007C9143 /* Build configuration list for PBXNativeTarget "IWNDWYT" */ = {
			isa = XCConfigurationList;
			buildConfigurations = (
				1ED34BE42E0C5A60007C9143 /* Debug */,
				1ED34BE52E0C5A60007C9143 /* Release */,
			);
			defaultConfigurationIsVisible = 0;
			defaultConfigurationName = Release;
		};
		1ED34BE62E0C5A60007C9143 /* Build configuration list for PBXNativeTarget "IWNDWYTTests" */ = {
			isa = XCConfigurationList;
			buildConfigurations = (
				1ED34BE72E0C5A60007C9143 /* Debug */,
				1ED34BE82E0C5A60007C9143 /* Release */,
			);
			defaultConfigurationIsVisible = 0;
			defaultConfigurationName = Release;
		};
		1ED34BE92E0C5A60007C9143 /* Build configuration list for PBXNativeTarget "IWNDWYTUITests" */ = {
			isa = XCConfigurationList;
			buildConfigurations = (
				1ED34BEA2E0C5A60007C9143 /* Debug */,
				1ED34BEB2E0C5A60007C9143 /* Release */,
			);
			defaultConfigurationIsVisible = 0;
			defaultConfigurationName = Release;
		};
/* End XCConfigurationList section */
	};
	rootObject = 1ED34BBA2E0C5A5F007C9143 /* Project object */;
}
